
Microsoft Visual Studio Solution File, Format Version 12.00
# Visual Studio Version 18
VisualStudioVersion = 18.6.11822.322
MinimumVisualStudioVersion = 10.0.40219.1
Project("{FAE04EC0-301F-11D3-BF4B-00C04F79EFBC}") = "MehrShopping.Application", "MehrShopping.Application\MehrShopping.Application.csproj", "{22F2A2BA-FC66-48C3-BF14-B71577A63CCD}"
EndProject
Project("{FAE04EC0-301F-11D3-BF4B-00C04F79EFBC}") = "MehrShopping.Domain", "MehrShopping.Domain\MehrShopping.Domain.csproj", "{58A0BBD5-83D3-4E58-97A7-4214BC759AEA}"
EndProject
Project("{FAE04EC0-301F-11D3-BF4B-00C04F79EFBC}") = "MehrShopping.Infrastructure", "MehrShopping.Infrastructure\MehrShopping.Infrastructure.csproj", "{C6384C54-A068-498E-8D1A-22A2F8A19023}"
EndProject
Project("{FAE04EC0-301F-11D3-BF4B-00C04F79EFBC}") = "MehrShopping.Api", "MehrShopping.Api\MehrShopping.Api.csproj", "{8D1EE81C-AD19-42C5-B0AC-E9AD146B024D}"
EndProject
Project("{FAE04EC0-301F-11D3-BF4B-00C04F79EFBC}") = "MehrShopping.Test", "MehrShopping.Test\MehrShopping.Test.csproj", "{01F94EB5-2C8B-4C3B-89F6-EA0E4619E5DC}"
Project("{FAE04EC0-301F-11D3-BF4B-00C04F79EFBC}") = "MehrShopping.Tests", "MehrShopping.Tests\MehrShopping.Tests.csproj", "{FD324DF4-CAA3-483E-BF32-36A3BEF78F0A}"
EndProject
Global
	GlobalSection(SolutionConfigurationPlatforms) = preSolution
		Debug|Any CPU = Debug|Any CPU
		Debug|x64 = Debug|x64
		Debug|x86 = Debug|x86
		Release|Any CPU = Release|Any CPU
		Release|x64 = Release|x64
		Release|x86 = Release|x86
	EndGlobalSection
	GlobalSection(ProjectConfigurationPlatforms) = postSolution
		{22F2A2BA-FC66-48C3-BF14-B71577A63CCD}.Debug|Any CPU.ActiveCfg = Debug|Any CPU
		{22F2A2BA-FC66-48C3-BF14-B71577A63CCD}.Debug|Any CPU.Build.0 = Debug|Any CPU
		{22F2A2BA-FC66-48C3-BF14-B71577A63CCD}.Debug|x64.ActiveCfg = Debug|Any CPU
		{22F2A2BA-FC66-48C3-BF14-B71577A63CCD}.Debug|x64.Build.0 = Debug|Any CPU
		{22F2A2BA-FC66-48C3-BF14-B71577A63CCD}.Debug|x86.ActiveCfg = Debug|Any CPU
		{22F2A2BA-FC66-48C3-BF14-B71577A63CCD}.Debug|x86.Build.0 = Debug|Any CPU
		{22F2A2BA-FC66-48C3-BF14-B71577A63CCD}.Release|Any CPU.ActiveCfg = Release|Any CPU
		{22F2A2BA-FC66-48C3-BF14-B71577A63CCD}.Release|Any CPU.Build.0 = Release|Any CPU
		{22F2A2BA-FC66-48C3-BF14-B71577A63CCD}.Release|x64.ActiveCfg = Release|Any CPU
		{22F2A2BA-FC66-48C3-BF14-B71577A63CCD}.Release|x64.Build.0 = Release|Any CPU
		{22F2A2BA-FC66-48C3-BF14-B71577A63CCD}.Release|x86.ActiveCfg = Release|Any CPU
		{22F2A2BA-FC66-48C3-BF14-B71577A63CCD}.Release|x86.Build.0 = Release|Any CPU
		{58A0BBD5-83D3-4E58-97A7-4214BC759AEA}.Debug|Any CPU.ActiveCfg = Debug|Any CPU
		{58A0BBD5-83D3-4E58-97A7-4214BC759AEA}.Debug|Any CPU.Build.0 = Debug|Any CPU
		{58A0BBD5-83D3-4E58-97A7-4214BC759AEA}.Debug|x64.ActiveCfg = Debug|Any CPU
		{58A0BBD5-83D3-4E58-97A7-4214BC759AEA}.Debug|x64.Build.0 = Debug|Any CPU
		{58A0BBD5-83D3-4E58-97A7-4214BC759AEA}.Debug|x86.ActiveCfg = Debug|Any CPU
		{58A0BBD5-83D3-4E58-97A7-4214BC759AEA}.Debug|x86.Build.0 = Debug|Any CPU
		{58A0BBD5-83D3-4E58-97A7-4214BC759AEA}.Release|Any CPU.ActiveCfg = Release|Any CPU
		{58A0BBD5-83D3-4E58-97A7-4214BC759AEA}.Release|Any CPU.Build.0 = Release|Any CPU
		{58A0BBD5-83D3-4E58-97A7-4214BC759AEA}.Release|x64.ActiveCfg = Release|Any CPU
		{58A0BBD5-83D3-4E58-97A7-4214BC759AEA}.Release|x64.Build.0 = Release|Any CPU
		{58A0BBD5-83D3-4E58-97A7-4214BC759AEA}.Release|x86.ActiveCfg = Release|Any CPU
		{58A0BBD5-83D3-4E58-97A7-4214BC759AEA}.Release|x86.Build.0 = Release|Any CPU
		{C6384C54-A068-498E-8D1A-22A2F8A19023}.Debug|Any CPU.ActiveCfg = Debug|Any CPU
		{C6384C54-A068-498E-8D1A-22A2F8A19023}.Debug|Any CPU.Build.0 = Debug|Any CPU
		{C6384C54-A068-498E-8D1A-22A2F8A19023}.Debug|x64.ActiveCfg = Debug|Any CPU
		{C6384C54-A068-498E-8D1A-22A2F8A19023}.Debug|x64.Build.0 = Debug|Any CPU
		{C6384C54-A068-498E-8D1A-22A2F8A19023}.Debug|x86.ActiveCfg = Debug|Any CPU
		{C6384C54-A068-498E-8D1A-22A2F8A19023}.Debug|x86.Build.0 = Debug|Any CPU
		{C6384C54-A068-498E-8D1A-22A2F8A19023}.Release|Any CPU.ActiveCfg = Release|Any CPU
		{C6384C54-A068-498E-8D1A-22A2F8A19023}.Release|Any CPU.Build.0 = Release|Any CPU
		{C6384C54-A068-498E-8D1A-22A2F8A19023}.Release|x64.ActiveCfg = Release|Any CPU
		{C6384C54-A068-498E-8D1A-22A2F8A19023}.Release|x64.Build.0 = Release|Any CPU
		{C6384C54-A068-498E-8D1A-22A2F8A19023}.Release|x86.ActiveCfg = Release|Any CPU
		{C6384C54-A068-498E-8D1A-22A2F8A19023}.Release|x86.Build.0 = Release|Any CPU
		{8D1EE81C-AD19-42C5-B0AC-E9AD146B024D}.Debug|Any CPU.ActiveCfg = Debug|Any CPU
		{8D1EE81C-AD19-42C5-B0AC-E9AD146B024D}.Debug|Any CPU.Build.0 = Debug|Any CPU
		{8D1EE81C-AD19-42C5-B0AC-E9AD146B024D}.Debug|x64.ActiveCfg = Debug|Any CPU
		{8D1EE81C-AD19-42C5-B0AC-E9AD146B024D}.Debug|x64.Build.0 = Debug|Any CPU
		{8D1EE81C-AD19-42C5-B0AC-E9AD146B024D}.Debug|x86.ActiveCfg = Debug|Any CPU
		{8D1EE81C-AD19-42C5-B0AC-E9AD146B024D}.Debug|x86.Build.0 = Debug|Any CPU
		{8D1EE81C-AD19-42C5-B0AC-E9AD146B024D}.Release|Any CPU.ActiveCfg = Release|Any CPU
		{8D1EE81C-AD19-42C5-B0AC-E9AD146B024D}.Release|Any CPU.Build.0 = Release|Any CPU
		{8D1EE81C-AD19-42C5-B0AC-E9AD146B024D}.Release|x64.ActiveCfg = Release|Any CPU
		{8D1EE81C-AD19-42C5-B0AC-E9AD146B024D}.Release|x64.Build.0 = Release|Any CPU
		{8D1EE81C-AD19-42C5-B0AC-E9AD146B024D}.Release|x86.ActiveCfg = Release|Any CPU
		{8D1EE81C-AD19-42C5-B0AC-E9AD146B024D}.Release|x86.Build.0 = Release|Any CPU
		{01F94EB5-2C8B-4C3B-89F6-EA0E4619E5DC}.Debug|Any CPU.ActiveCfg = Debug|Any CPU
		{01F94EB5-2C8B-4C3B-89F6-EA0E4619E5DC}.Debug|Any CPU.Build.0 = Debug|Any CPU
		{01F94EB5-2C8B-4C3B-89F6-EA0E4619E5DC}.Debug|x64.ActiveCfg = Debug|Any CPU
		{01F94EB5-2C8B-4C3B-89F6-EA0E4619E5DC}.Debug|x64.Build.0 = Debug|Any CPU
		{01F94EB5-2C8B-4C3B-89F6-EA0E4619E5DC}.Debug|x86.ActiveCfg = Debug|Any CPU
		{01F94EB5-2C8B-4C3B-89F6-EA0E4619E5DC}.Debug|x86.Build.0 = Debug|Any CPU
		{01F94EB5-2C8B-4C3B-89F6-EA0E4619E5DC}.Release|Any CPU.ActiveCfg = Release|Any CPU
		{01F94EB5-2C8B-4C3B-89F6-EA0E4619E5DC}.Release|Any CPU.Build.0 = Release|Any CPU
		{01F94EB5-2C8B-4C3B-89F6-EA0E4619E5DC}.Release|x64.ActiveCfg = Release|Any CPU
		{01F94EB5-2C8B-4C3B-89F6-EA0E4619E5DC}.Release|x64.Build.0 = Release|Any CPU
		{01F94EB5-2C8B-4C3B-89F6-EA0E4619E5DC}.Release|x86.ActiveCfg = Release|Any CPU
		{01F94EB5-2C8B-4C3B-89F6-EA0E4619E5DC}.Release|x86.Build.0 = Release|Any CPU
		{FD324DF4-CAA3-483E-BF32-36A3BEF78F0A}.Debug|Any CPU.ActiveCfg = Debug|Any CPU
		{FD324DF4-CAA3-483E-BF32-36A3BEF78F0A}.Debug|Any CPU.Build.0 = Debug|Any CPU
		{FD324DF4-CAA3-483E-BF32-36A3BEF78F0A}.Debug|x64.ActiveCfg = Debug|Any CPU
		{FD324DF4-CAA3-483E-BF32-36A3BEF78F0A}.Debug|x64.Build.0 = Debug|Any CPU
		{FD324DF4-CAA3-483E-BF32-36A3BEF78F0A}.Debug|x86.ActiveCfg = Debug|Any CPU
		{FD324DF4-CAA3-483E-BF32-36A3BEF78F0A}.Debug|x86.Build.0 = Debug|Any CPU
		{FD324DF4-CAA3-483E-BF32-36A3BEF78F0A}.Release|Any CPU.ActiveCfg = Release|Any CPU
		{FD324DF4-CAA3-483E-BF32-36A3BEF78F0A}.Release|Any CPU.Build.0 = Release|Any CPU
		{FD324DF4-CAA3-483E-BF32-36A3BEF78F0A}.Release|x64.ActiveCfg = Release|Any CPU
		{FD324DF4-CAA3-483E-BF32-36A3BEF78F0A}.Release|x64.Build.0 = Release|Any CPU
		{FD324DF4-CAA3-483E-BF32-36A3BEF78F0A}.Release|x86.ActiveCfg = Release|Any CPU
		{FD324DF4-CAA3-483E-BF32-36A3BEF78F0A}.Release|x86.Build.0 = Release|Any CPU
	EndGlobalSection
	GlobalSection(SolutionProperties) = preSolution
		HideSolutionNode = FALSE
	EndGlobalSection
EndGlobal
